// !$*UTF8*$!
{
	archiveVersion = 1;
	classes = {
	};
	objectVersion = 50;
	objects = {

/* Begin PBXBuildFile section */
		FFF2225923E56F7B00C5E8CC /* AppDelegate.swift in Sources */ = {isa = PBXBuildFile; fileRef = FFF2225823E56F7B00C5E8CC /* AppDelegate.swift */; };
		FFF2225B23E56F7B00C5E8CC /* SceneDelegate.swift in Sources */ = {isa = PBXBuildFile; fileRef = FFF2225A23E56F7B00C5E8CC /* SceneDelegate.swift */; };
		FFF2226223E56F7C00C5E8CC /* Assets.xcassets in Resources */ = {isa = PBXBuildFile; fileRef = FFF2226123E56F7C00C5E8CC /* Assets.xcassets */; };
		FFF2226523E56F7C00C5E8CC /* LaunchScreen.storyboard in Resources */ = {isa = PBXBuildFile; fileRef = FFF2226323E56F7C00C5E8CC /* LaunchScreen.storyboard */; };
		FFF2226F23E56FF300C5E8CC /* Emoji.swift in Sources */ = {isa = PBXBuildFile; fileRef = FFF2226E23E56FF300C5E8CC /* Emoji.swift */; };
		FFF2227123E5721A00C5E8CC /* Main.storyboard in Resources */ = {isa = PBXBuildFile; fileRef = FFF2227023E5721A00C5E8CC /* Main.storyboard */; };
		FFF2227323E572D900C5E8CC /* EmojiTableViewController.swift in Sources */ = {isa = PBXBuildFile; fileRef = FFF2227223E572D900C5E8CC /* EmojiTableViewController.swift */; };
/* End PBXBuildFile section */

/* Begin PBXFileReference section */
		FFF2225523E56F7B00C5E8CC /* EmojiDectionary.app */ = {isa = PBXFileReference; explicitFileType = wrapper.application; includeInIndex = 0; path = EmojiDectionary.app; sourceTree = BUILT_PRODUCTS_DIR; };
		FFF2225823E56F7B00C5E8CC /* AppDelegate.swift */ = {isa = PBXFileReference; lastKnownFileType = sourcecode.swift; path = AppDelegate.swift; sourceTree = "<group>"; };
		FFF2225A23E56F7B00C5E8CC /* SceneDelegate.swift */ = {isa = PBXFileReference; lastKnownFileType = sourcecode.swift; path = SceneDelegate.swift; sourceTree = "<group>"; };
		FFF2226123E56F7C00C5E8CC /* Assets.xcassets */ = {isa = PBXFileReference; lastKnownFileType = folder.assetcatalog; path = Assets.xcassets; sourceTree = "<group>"; };
		FFF2226423E56F7C00C5E8CC /* Base */ = {isa = PBXFileReference; lastKnownFileType = file.storyboard; name = Base; path = Base.lproj/LaunchScreen.storyboard; sourceTree = "<group>"; };
		FFF2226623E56F7C00C5E8CC /* Info.plist */ = {isa = PBXFileReference; lastKnownFileType = text.plist.xml; path = Info.plist; sourceTree = "<group>"; };
		FFF2226E23E56FF300C5E8CC /* Emoji.swift */ = {isa = PBXFileReference; lastKnownFileType = sourcecode.swift; path = Emoji.swift; sourceTree = SOURCE_ROOT; };
		FFF2227023E5721A00C5E8CC /* Main.storyboard */ = {isa = PBXFileReference; fileEncoding = 4; lastKnownFileType = file.storyboard; name = Main.storyboard; path = ../../../../.Trash/Main.storyboard; sourceTree = "<group>"; };
		FFF2227223E572D900C5E8CC /* EmojiTableViewController.swift */ = {isa = PBXFileReference; lastKnownFileType = sourcecode.swift; path = EmojiTableViewController.swift; sourceTree = "<group>"; };
/* End PBXFileReference section */

/* Begin PBXFrameworksBuildPhase section */
		FFF2225223E56F7B00C5E8CC /* Frameworks */ = {
			isa = PBXFrameworksBuildPhase;
			buildActionMask = 2147483647;
			files = (
			);
			runOnlyForDeploymentPostprocessing = 0;
		};
/* End PBXFrameworksBuildPhase section */

/* Begin PBXGroup section */
		FFF2224C23E56F7B00C5E8CC = {
			isa = PBXGroup;
			children = (
				FFF2225723E56F7B00C5E8CC /* EmojiDectionary */,
				FFF2225623E56F7B00C5E8CC /* Products */,
			);
			sourceTree = "<group>";
		};
		FFF2225623E56F7B00C5E8CC /* Products */ = {
			isa = PBXGroup;
			children = (
				FFF2225523E56F7B00C5E8CC /* EmojiDectionary.app */,
			);
			name = Products;
			sourceTree = "<group>";
		};
		FFF2225723E56F7B00C5E8CC /* EmojiDectionary */ = {
			isa = PBXGroup;
			children = (
				FFF2226E23E56FF300C5E8CC /* Emoji.swift */,
				FFF2225823E56F7B00C5E8CC /* AppDelegate.swift */,
				FFF2225A23E56F7B00C5E8CC /* SceneDelegate.swift */,
				FFF2227023E5721A00C5E8CC /* Main.storyboard */,
				FFF2227223E572D900C5E8CC /* EmojiTableViewController.swift */,
				FFF2226123E56F7C00C5E8CC /* Assets.xcassets */,
				FFF2226323E56F7C00C5E8CC /* LaunchScreen.storyboard */,
				FFF2226623E56F7C00C5E8CC /* Info.plist */,
			);
			path = EmojiDectionary;
			sourceTree = "<group>";
		};
/* End PBXGroup section */

/* Begin PBXNativeTarget section */
		FFF2225423E56F7B00C5E8CC /* EmojiDectionary */ = {
			isa = PBXNativeTarget;
			buildConfigurationList = FFF2226923E56F7C00C5E8CC /* Build configuration list for PBXNativeTarget "EmojiDectionary" */;
			buildPhases = (
				FFF2225123E56F7B00C5E8CC /* Sources */,
				FFF2225223E56F7B00C5E8CC /* Frameworks */,
				FFF2225323E56F7B00C5E8CC /* Resources */,
			);
			buildRules = (
			);
			dependencies = (
			);
			name = EmojiDectionary;
			productName = EmojiDectionary;
			productReference = FFF2225523E56F7B00C5E8CC /* EmojiDectionary.app */;
			productType = "com.apple.product-type.application";
		};
/* End PBXNativeTarget section */

/* Begin PBXProject section */
		FFF2224D23E56F7B00C5E8CC /* Project object */ = {
			isa = PBXProject;
			attributes = {
				LastSwiftUpdateCheck = 1130;
				LastUpgradeCheck = 1130;
				ORGANIZATIONNAME = Sola;
				TargetAttributes = {
					FFF2225423E56F7B00C5E8CC = {
						CreatedOnToolsVersion = 11.3.1;
					};
				};
			};
			buildConfigurationList = FFF2225023E56F7B00C5E8CC /* Build configuration list for PBXProject "EmojiDectionary" */;
			compatibilityVersion = "Xcode 9.3";
			developmentRegion = en;
			hasScannedForEncodings = 0;
			knownRegions = (
				en,
				Base,
			);
			mainGroup = FFF2224C23E56F7B00C5E8CC;
			productRefGroup = FFF2225623E56F7B00C5E8CC /* Products */;
			projectDirPath = "";
			projectRoot = "";
			targets = (
				FFF2225423E56F7B00C5E8CC /* EmojiDectionary */,
			);
		};
/* End PBXProject section */

/* Begin PBXResourcesBuildPhase section */
		FFF2225323E56F7B00C5E8CC /* Resources */ = {
			isa = PBXResourcesBuildPhase;
			buildActionMask = 2147483647;
			files = (
				FFF2227123E5721A00C5E8CC /* Main.storyboard in Resources */,
				FFF2226523E56F7C00C5E8CC /* LaunchScreen.storyboard in Resources */,
				FFF2226223E56F7C00C5E8CC /* Assets.xcassets in Resources */,
			);
			runOnlyForDeploymentPostprocessing = 0;
		};
/* End PBXResourcesBuildPhase section */

/* Begin PBXSourcesBuildPhase section */
		FFF2225123E56F7B00C5E8CC /* Sources */ = {
			isa = PBXSourcesBuildPhase;
			buildActionMask = 2147483647;
			files = (
				FFF2227323E572D900C5E8CC /* EmojiTableViewController.swift in Sources */,
				FFF2226F23E56FF300C5E8CC /* Emoji.swift in Sources */,
				FFF2225923E56F7B00C5E8CC /* AppDelegate.swift in Sources */,
				FFF2225B23E56F7B00C5E8CC /* SceneDelegate.swift in Sources */,
			);
			runOnlyForDeploymentPostprocessing = 0;
		};
/* End PBXSourcesBuildPhase section */

/* Begin PBXVariantGroup section */
		FFF2226323E56F7C00C5E8CC /* LaunchScreen.storyboard */ = {
			isa = PBXVariantGroup;
			children = (
				FFF2226423E56F7C00C5E8CC /* Base */,
			);
			name = LaunchScreen.storyboard;
			sourceTree = "<group>";
		};
/* End PBXVariantGroup section */

/* Begin XCBuildConfiguration section */
		FFF2226723E56F7C00C5E8CC /* Debug */ = {
			isa = XCBuildConfiguration;
			buildSettings = {
				ALWAYS_SEARCH_USER_PATHS = NO;
				CLANG_ANALYZER_NONNULL = YES;
				CLANG_ANALYZER_NUMBER_OBJECT_CONVERSION = YES_AGGRESSIVE;
				CLANG_CXX_LANGUAGE_STANDARD = "gnu++14";
				CLANG_CXX_LIBRARY = "libc++";
				CLANG_ENABLE_MODULES = YES;
				CLANG_ENABLE_OBJC_ARC = YES;
				CLANG_ENABLE_OBJC_WEAK = YES;
				CLANG_WARN_BLOCK_CAPTURE_AUTORELEASING = YES;
				CLANG_WARN_BOOL_CONVERSION = YES;
				CLANG_WARN_COMMA = YES;
				CLANG_WARN_CONSTANT_CONVERSION = YES;
				CLANG_WARN_DEPRECATED_OBJC_IMPLEMENTATIONS = YES;
				CLANG_WARN_DIRECT_OBJC_ISA_USAGE = YES_ERROR;
				CLANG_WARN_DOCUMENTATION_COMMENTS = YES;
				CLANG_WARN_EMPTY_BODY = YES;
				CLANG_WARN_ENUM_CONVERSION = YES;
				CLANG_WARN_INFINITE_RECURSION = YES;
				CLANG_WARN_INT_CONVERSION = YES;
				CLANG_WARN_NON_LITERAL_NULL_CONVERSION = YES;
				CLANG_WARN_OBJC_IMPLICIT_RETAIN_SELF = YES;
				CLANG_WARN_OBJC_LITERAL_CONVERSION = YES;
				CLANG_WARN_OBJC_ROOT_CLASS = YES_ERROR;
				CLANG_WARN_RANGE_LOOP_ANALYSIS = YES;
				CLANG_WARN_STRICT_PROTOTYPES = YES;
				CLANG_WARN_SUSPICIOUS_MOVE = YES;
				CLANG_WARN_UNGUARDED_AVAILABILITY = YES_AGGRESSIVE;
				CLANG_WARN_UNREACHABLE_CODE = YES;
				CLANG_WARN__DUPLICATE_METHOD_MATCH = YES;
				COPY_PHASE_STRIP = NO;
				DEBUG_INFORMATION_FORMAT = dwarf;
				ENABLE_STRICT_OBJC_MSGSEND = YES;
				ENABLE_TESTABILITY = YES;
				GCC_C_LANGUAGE_STANDARD = gnu11;
				GCC_DYNAMIC_NO_PIC = NO;
				GCC_NO_COMMON_BLOCKS = YES;
				GCC_OPTIMIZATION_LEVEL = 0;
				GCC_PREPROCESSOR_DEFINITIONS = (
					"DEBUG=1",
					"$(inherited)",
				);
				GCC_WARN_64_TO_32_BIT_CONVERSION = YES;
				GCC_WARN_ABOUT_RETURN_TYPE = YES_ERROR;
				GCC_WARN_UNDECLARED_SELECTOR = YES;
				GCC_WARN_UNINITIALIZED_AUTOS = YES_AGGRESSIVE;
				GCC_WARN_UNUSED_FUNCTION = YES;
				GCC_WARN_UNUSED_VARIABLE = YES;
				IPHONEOS_DEPLOYMENT_TARGET = 13.2;
				MTL_ENABLE_DEBUG_INFO = INCLUDE_SOURCE;
				MTL_FAST_MATH = YES;
				ONLY_ACTIVE_ARCH = YES;
				SDKROOT = iphoneos;
				SWIFT_ACTIVE_COMPILATION_CONDITIONS = DEBUG;
				SWIFT_OPTIMIZATION_LEVEL = "-Onone";
			};
			name = Debug;
		};
		FFF2226823E56F7C00C5E8CC /* Release */ = {
			isa = XCBuildConfiguration;
			buildSettings = {
				ALWAYS_SEARCH_USER_PATHS = NO;
				CLANG_ANALYZER_NONNULL = YES;
				CLANG_ANALYZER_NUMBER_OBJECT_CONVERSION = YES_AGGRESSIVE;
				CLANG_CXX_LANGUAGE_STANDARD = "gnu++14";
				CLANG_CXX_LIBRARY = "libc++";
				CLANG_ENABLE_MODULES = YES;
				CLANG_ENABLE_OBJC_ARC = YES;
				CLANG_ENABLE_OBJC_WEAK = YES;
				CLANG_WARN_BLOCK_CAPTURE_AUTORELEASING = YES;
				CLANG_WARN_BOOL_CONVERSION = YES;
				CLANG_WARN_COMMA = YES;
				CLANG_WARN_CONSTANT_CONVERSION = YES;
				CLANG_WARN_DEPRECATED_OBJC_IMPLEMENTATIONS = YES;
				CLANG_WARN_DIRECT_OBJC_ISA_USAGE = YES_ERROR;
				CLANG_WARN_DOCUMENTATION_COMMENTS = YES;
				CLANG_WARN_EMPTY_BODY = YES;
				CLANG_WARN_ENUM_CONVERSION = YES;
				CLANG_WARN_INFINITE_RECURSION = YES;
				CLANG_WARN_INT_CONVERSION = YES;
				CLANG_WARN_NON_LITERAL_NULL_CONVERSION = YES;
				CLANG_WARN_OBJC_IMPLICIT_RETAIN_SELF = YES;
				CLANG_WARN_OBJC_LITERAL_CONVERSION = YES;
				CLANG_WARN_OBJC_ROOT_CLASS = YES_ERROR;
				CLANG_WARN_RANGE_LOOP_ANALYSIS = YES;
				CLANG_WARN_STRICT_PROTOTYPES = YES;
				CLANG_WARN_SUSPICIOUS_MOVE = YES;
				CLANG_WARN_UNGUARDED_AVAILABILITY = YES_AGGRESSIVE;
				CLANG_WARN_UNREACHABLE_CODE = YES;
				CLANG_WARN__DUPLICATE_METHOD_MATCH = YES;
				COPY_PHASE_STRIP = NO;
				DEBUG_INFORMATION_FORMAT = "dwarf-with-dsym";
				ENABLE_NS_ASSERTIONS = NO;
				ENABLE_STRICT_OBJC_MSGSEND = YES;
				GCC_C_LANGUAGE_STANDARD = gnu11;
				GCC_NO_COMMON_BLOCKS = YES;
				GCC_WARN_64_TO_32_BIT_CONVERSION = YES;
				GCC_WARN_ABOUT_RETURN_TYPE = YES_ERROR;
				GCC_WARN_UNDECLARED_SELECTOR = YES;
				GCC_WARN_UNINITIALIZED_AUTOS = YES_AGGRESSIVE;
				GCC_WARN_UNUSED_FUNCTION = YES;
				GCC_WARN_UNUSED_VARIABLE = YES;
				IPHONEOS_DEPLOYMENT_TARGET = 13.2;
				MTL_ENABLE_DEBUG_INFO = NO;
				MTL_FAST_MATH = YES;
				SDKROOT = iphoneos;
				SWIFT_COMPILATION_MODE = wholemodule;
				SWIFT_OPTIMIZATION_LEVEL = "-O";
				VALIDATE_PRODUCT = YES;
			};
			name = Release;
		};
		FFF2226A23E56F7C00C5E8CC /* Debug */ = {
			isa = XCBuildConfiguration;
			buildSettings = {
				ASSETCATALOG_COMPILER_APPICON_NAME = AppIcon;
				CODE_SIGN_STYLE = Automatic;
				INFOPLIST_FILE = EmojiDectionary/Info.plist;
				LD_RUNPATH_SEARCH_PATHS = (
					"$(inherited)",
					"@executable_path/Frameworks",
				);
				PRODUCT_BUNDLE_IDENTIFIER = com.example.EmojiDectionary;
				PRODUCT_NAME = "$(TARGET_NAME)";
				SWIFT_VERSION = 5.0;
				TARGETED_DEVICE_FAMILY = "1,2";
			};
			name = Debug;
		};
		FFF2226B23E56F7C00C5E8CC /* Release */ = {
			isa = XCBuildConfiguration;
			buildSettings = {
				ASSETCATALOG_COMPILER_APPICON_NAME = AppIcon;
				CODE_SIGN_STYLE = Automatic;
				INFOPLIST_FILE = EmojiDectionary/Info.plist;
				LD_RUNPATH_SEARCH_PATHS = (
					"$(inherited)",
					"@executable_path/Frameworks",
				);
				PRODUCT_BUNDLE_IDENTIFIER = com.example.EmojiDectionary;
				PRODUCT_NAME = "$(TARGET_NAME)";
				SWIFT_VERSION = 5.0;
				TARGETED_DEVICE_FAMILY = "1,2";
			};
			name = Release;
		};
/* End XCBuildConfiguration section */

/* Begin XCConfigurationList section */
		FFF2225023E56F7B00C5E8CC /* Build configuration list for PBXProject "EmojiDectionary" */ = {
			isa = XCConfigurationList;
			buildConfigurations = (
				FFF2226723E56F7C00C5E8CC /* Debug */,
				FFF2226823E56F7C00C5E8CC /* Release */,
			);
			defaultConfigurationIsVisible = 0;
			defaultConfigurationName = Release;
		};
		FFF2226923E56F7C00C5E8CC /* Build configuration list for PBXNativeTarget "EmojiDectionary" */ = {
			isa = XCConfigurationList;
			buildConfigurations = (
				FFF2226A23E56F7C00C5E8CC /* Debug */,
				FFF2226B23E56F7C00C5E8CC /* Release */,
			);
			defaultConfigurationIsVisible = 0;
			defaultConfigurationName = Release;
		};
/* End XCConfigurationList section */
	};
	rootObject = FFF2224D23E56F7B00C5E8CC /* Project object */;
}
