// !$*UTF8*$!
{
	archiveVersion = 1;
	classes = {
	};
	objectVersion = 50;
	objects = {

/* Begin PBXBuildFile section */
		FFEB559F23E1CC5500A90B35 /* AppDelegate.swift in Sources */ = {isa = PBXBuildFile; fileRef = FFEB559E23E1CC5500A90B35 /* AppDelegate.swift */; };
		FFEB55A123E1CC5500A90B35 /* SceneDelegate.swift in Sources */ = {isa = PBXBuildFile; fileRef = FFEB55A023E1CC5500A90B35 /* SceneDelegate.swift */; };
		FFEB55A323E1CC5500A90B35 /* ViewController.swift in Sources */ = {isa = PBXBuildFile; fileRef = FFEB55A223E1CC5500A90B35 /* ViewController.swift */; };
		FFEB55A623E1CC5500A90B35 /* Main.storyboard in Resources */ = {isa = PBXBuildFile; fileRef = FFEB55A423E1CC5500A90B35 /* Main.storyboard */; };
		FFEB55A823E1CC5600A90B35 /* Assets.xcassets in Resources */ = {isa = PBXBuildFile; fileRef = FFEB55A723E1CC5600A90B35 /* Assets.xcassets */; };
		FFEB55AB23E1CC5600A90B35 /* LaunchScreen.storyboard in Resources */ = {isa = PBXBuildFile; fileRef = FFEB55A923E1CC5600A90B35 /* LaunchScreen.storyboard */; };
/* End PBXBuildFile section */

/* Begin PBXFileReference section */
		FFEB559B23E1CC5500A90B35 /* AutoLayoutPractice.app */ = {isa = PBXFileReference; explicitFileType = wrapper.application; includeInIndex = 0; path = AutoLayoutPractice.app; sourceTree = BUILT_PRODUCTS_DIR; };
		FFEB559E23E1CC5500A90B35 /* AppDelegate.swift */ = {isa = PBXFileReference; lastKnownFileType = sourcecode.swift; path = AppDelegate.swift; sourceTree = "<group>"; };
		FFEB55A023E1CC5500A90B35 /* SceneDelegate.swift */ = {isa = PBXFileReference; lastKnownFileType = sourcecode.swift; path = SceneDelegate.swift; sourceTree = "<group>"; };
		FFEB55A223E1CC5500A90B35 /* ViewController.swift */ = {isa = PBXFileReference; lastKnownFileType = sourcecode.swift; path = ViewController.swift; sourceTree = "<group>"; };
		FFEB55A523E1CC5500A90B35 /* Base */ = {isa = PBXFileReference; lastKnownFileType = file.storyboard; name = Base; path = Base.lproj/Main.storyboard; sourceTree = "<group>"; };
		FFEB55A723E1CC5600A90B35 /* Assets.xcassets */ = {isa = PBXFileReference; lastKnownFileType = folder.assetcatalog; path = Assets.xcassets; sourceTree = "<group>"; };
		FFEB55AA23E1CC5600A90B35 /* Base */ = {isa = PBXFileReference; lastKnownFileType = file.storyboard; name = Base; path = Base.lproj/LaunchScreen.storyboard; sourceTree = "<group>"; };
		FFEB55AC23E1CC5600A90B35 /* Info.plist */ = {isa = PBXFileReference; lastKnownFileType = text.plist.xml; path = Info.plist; sourceTree = "<group>"; };
/* End PBXFileReference section */

/* Begin PBXFrameworksBuildPhase section */
		FFEB559823E1CC5500A90B35 /* Frameworks */ = {
			isa = PBXFrameworksBuildPhase;
			buildActionMask = 2147483647;
			files = (
			);
			runOnlyForDeploymentPostprocessing = 0;
		};
/* End PBXFrameworksBuildPhase section */

/* Begin PBXGroup section */
		FFEB559223E1CC5500A90B35 = {
			isa = PBXGroup;
			children = (
				FFEB559D23E1CC5500A90B35 /* AutoLayoutPractice */,
				FFEB559C23E1CC5500A90B35 /* Products */,
			);
			sourceTree = "<group>";
		};
		FFEB559C23E1CC5500A90B35 /* Products */ = {
			isa = PBXGroup;
			children = (
				FFEB559B23E1CC5500A90B35 /* AutoLayoutPractice.app */,
			);
			name = Products;
			sourceTree = "<group>";
		};
		FFEB559D23E1CC5500A90B35 /* AutoLayoutPractice */ = {
			isa = PBXGroup;
			children = (
				FFEB559E23E1CC5500A90B35 /* AppDelegate.swift */,
				FFEB55A023E1CC5500A90B35 /* SceneDelegate.swift */,
				FFEB55A223E1CC5500A90B35 /* ViewController.swift */,
				FFEB55A423E1CC5500A90B35 /* Main.storyboard */,
				FFEB55A723E1CC5600A90B35 /* Assets.xcassets */,
				FFEB55A923E1CC5600A90B35 /* LaunchScreen.storyboard */,
				FFEB55AC23E1CC5600A90B35 /* Info.plist */,
			);
			path = AutoLayoutPractice;
			sourceTree = "<group>";
		};
/* End PBXGroup section */

/* Begin PBXNativeTarget section */
		FFEB559A23E1CC5500A90B35 /* AutoLayoutPractice */ = {
			isa = PBXNativeTarget;
			buildConfigurationList = FFEB55AF23E1CC5600A90B35 /* Build configuration list for PBXNativeTarget "AutoLayoutPractice" */;
			buildPhases = (
				FFEB559723E1CC5500A90B35 /* Sources */,
				FFEB559823E1CC5500A90B35 /* Frameworks */,
				FFEB559923E1CC5500A90B35 /* Resources */,
			);
			buildRules = (
			);
			dependencies = (
			);
			name = AutoLayoutPractice;
			productName = AutoLayoutPractice;
			productReference = FFEB559B23E1CC5500A90B35 /* AutoLayoutPractice.app */;
			productType = "com.apple.product-type.application";
		};
/* End PBXNativeTarget section */

/* Begin PBXProject section */
		FFEB559323E1CC5500A90B35 /* Project object */ = {
			isa = PBXProject;
			attributes = {
				LastSwiftUpdateCheck = 1130;
				LastUpgradeCheck = 1130;
				ORGANIZATIONNAME = Sola;
				TargetAttributes = {
					FFEB559A23E1CC5500A90B35 = {
						CreatedOnToolsVersion = 11.3.1;
					};
				};
			};
			buildConfigurationList = FFEB559623E1CC5500A90B35 /* Build configuration list for PBXProject "AutoLayoutPractice" */;
			compatibilityVersion = "Xcode 9.3";
			developmentRegion = en;
			hasScannedForEncodings = 0;
			knownRegions = (
				en,
				Base,
			);
			mainGroup = FFEB559223E1CC5500A90B35;
			productRefGroup = FFEB559C23E1CC5500A90B35 /* Products */;
			projectDirPath = "";
			projectRoot = "";
			targets = (
				FFEB559A23E1CC5500A90B35 /* AutoLayoutPractice */,
			);
		};
/* End PBXProject section */

/* Begin PBXResourcesBuildPhase section */
		FFEB559923E1CC5500A90B35 /* Resources */ = {
			isa = PBXResourcesBuildPhase;
			buildActionMask = 2147483647;
			files = (
				FFEB55AB23E1CC5600A90B35 /* LaunchScreen.storyboard in Resources */,
				FFEB55A823E1CC5600A90B35 /* Assets.xcassets in Resources */,
				FFEB55A623E1CC5500A90B35 /* Main.storyboard in Resources */,
			);
			runOnlyForDeploymentPostprocessing = 0;
		};
/* End PBXResourcesBuildPhase section */

/* Begin PBXSourcesBuildPhase section */
		FFEB559723E1CC5500A90B35 /* Sources */ = {
			isa = PBXSourcesBuildPhase;
			buildActionMask = 2147483647;
			files = (
				FFEB55A323E1CC5500A90B35 /* ViewController.swift in Sources */,
				FFEB559F23E1CC5500A90B35 /* AppDelegate.swift in Sources */,
				FFEB55A123E1CC5500A90B35 /* SceneDelegate.swift in Sources */,
			);
			runOnlyForDeploymentPostprocessing = 0;
		};
/* End PBXSourcesBuildPhase section */

/* Begin PBXVariantGroup section */
		FFEB55A423E1CC5500A90B35 /* Main.storyboard */ = {
			isa = PBXVariantGroup;
			children = (
				FFEB55A523E1CC5500A90B35 /* Base */,
			);
			name = Main.storyboard;
			sourceTree = "<group>";
		};
		FFEB55A923E1CC5600A90B35 /* LaunchScreen.storyboard */ = {
			isa = PBXVariantGroup;
			children = (
				FFEB55AA23E1CC5600A90B35 /* Base */,
			);
			name = LaunchScreen.storyboard;
			sourceTree = "<group>";
		};
/* End PBXVariantGroup section */

/* Begin XCBuildConfiguration section */
		FFEB55AD23E1CC5600A90B35 /* Debug */ = {
			isa = XCBuildConfiguration;
			buildSettings = {
				ALWAYS_SEARCH_USER_PATHS = NO;
				CLANG_ANALYZER_NONNULL = YES;
				CLANG_ANALYZER_NUMBER_OBJECT_CONVERSION = YES_AGGRESSIVE;
				CLANG_CXX_LANGUAGE_STANDARD = "gnu++14";
				CLANG_CXX_LIBRARY = "libc++";
				CLANG_ENABLE_MODULES = YES;
				CLANG_ENABLE_OBJC_ARC = YES;
				CLANG_ENABLE_OBJC_WEAK = YES;
				CLANG_WARN_BLOCK_CAPTURE_AUTORELEASING = YES;
				CLANG_WARN_BOOL_CONVERSION = YES;
				CLANG_WARN_COMMA = YES;
				CLANG_WARN_CONSTANT_CONVERSION = YES;
				CLANG_WARN_DEPRECATED_OBJC_IMPLEMENTATIONS = YES;
				CLANG_WARN_DIRECT_OBJC_ISA_USAGE = YES_ERROR;
				CLANG_WARN_DOCUMENTATION_COMMENTS = YES;
				CLANG_WARN_EMPTY_BODY = YES;
				CLANG_WARN_ENUM_CONVERSION = YES;
				CLANG_WARN_INFINITE_RECURSION = YES;
				CLANG_WARN_INT_CONVERSION = YES;
				CLANG_WARN_NON_LITERAL_NULL_CONVERSION = YES;
				CLANG_WARN_OBJC_IMPLICIT_RETAIN_SELF = YES;
				CLANG_WARN_OBJC_LITERAL_CONVERSION = YES;
				CLANG_WARN_OBJC_ROOT_CLASS = YES_ERROR;
				CLANG_WARN_RANGE_LOOP_ANALYSIS = YES;
				CLANG_WARN_STRICT_PROTOTYPES = YES;
				CLANG_WARN_SUSPICIOUS_MOVE = YES;
				CLANG_WARN_UNGUARDED_AVAILABILITY = YES_AGGRESSIVE;
				CLANG_WARN_UNREACHABLE_CODE = YES;
				CLANG_WARN__DUPLICATE_METHOD_MATCH = YES;
				COPY_PHASE_STRIP = NO;
				DEBUG_INFORMATION_FORMAT = dwarf;
				ENABLE_STRICT_OBJC_MSGSEND = YES;
				ENABLE_TESTABILITY = YES;
				GCC_C_LANGUAGE_STANDARD = gnu11;
				GCC_DYNAMIC_NO_PIC = NO;
				GCC_NO_COMMON_BLOCKS = YES;
				GCC_OPTIMIZATION_LEVEL = 0;
				GCC_PREPROCESSOR_DEFINITIONS = (
					"DEBUG=1",
					"$(inherited)",
				);
				GCC_WARN_64_TO_32_BIT_CONVERSION = YES;
				GCC_WARN_ABOUT_RETURN_TYPE = YES_ERROR;
				GCC_WARN_UNDECLARED_SELECTOR = YES;
				GCC_WARN_UNINITIALIZED_AUTOS = YES_AGGRESSIVE;
				GCC_WARN_UNUSED_FUNCTION = YES;
				GCC_WARN_UNUSED_VARIABLE = YES;
				IPHONEOS_DEPLOYMENT_TARGET = 13.2;
				MTL_ENABLE_DEBUG_INFO = INCLUDE_SOURCE;
				MTL_FAST_MATH = YES;
				ONLY_ACTIVE_ARCH = YES;
				SDKROOT = iphoneos;
				SWIFT_ACTIVE_COMPILATION_CONDITIONS = DEBUG;
				SWIFT_OPTIMIZATION_LEVEL = "-Onone";
			};
			name = Debug;
		};
		FFEB55AE23E1CC5600A90B35 /* Release */ = {
			isa = XCBuildConfiguration;
			buildSettings = {
				ALWAYS_SEARCH_USER_PATHS = NO;
				CLANG_ANALYZER_NONNULL = YES;
				CLANG_ANALYZER_NUMBER_OBJECT_CONVERSION = YES_AGGRESSIVE;
				CLANG_CXX_LANGUAGE_STANDARD = "gnu++14";
				CLANG_CXX_LIBRARY = "libc++";
				CLANG_ENABLE_MODULES = YES;
				CLANG_ENABLE_OBJC_ARC = YES;
				CLANG_ENABLE_OBJC_WEAK = YES;
				CLANG_WARN_BLOCK_CAPTURE_AUTORELEASING = YES;
				CLANG_WARN_BOOL_CONVERSION = YES;
				CLANG_WARN_COMMA = YES;
				CLANG_WARN_CONSTANT_CONVERSION = YES;
				CLANG_WARN_DEPRECATED_OBJC_IMPLEMENTATIONS = YES;
				CLANG_WARN_DIRECT_OBJC_ISA_USAGE = YES_ERROR;
				CLANG_WARN_DOCUMENTATION_COMMENTS = YES;
				CLANG_WARN_EMPTY_BODY = YES;
				CLANG_WARN_ENUM_CONVERSION = YES;
				CLANG_WARN_INFINITE_RECURSION = YES;
				CLANG_WARN_INT_CONVERSION = YES;
				CLANG_WARN_NON_LITERAL_NULL_CONVERSION = YES;
				CLANG_WARN_OBJC_IMPLICIT_RETAIN_SELF = YES;
				CLANG_WARN_OBJC_LITERAL_CONVERSION = YES;
				CLANG_WARN_OBJC_ROOT_CLASS = YES_ERROR;
				CLANG_WARN_RANGE_LOOP_ANALYSIS = YES;
				CLANG_WARN_STRICT_PROTOTYPES = YES;
				CLANG_WARN_SUSPICIOUS_MOVE = YES;
				CLANG_WARN_UNGUARDED_AVAILABILITY = YES_AGGRESSIVE;
				CLANG_WARN_UNREACHABLE_CODE = YES;
				CLANG_WARN__DUPLICATE_METHOD_MATCH = YES;
				COPY_PHASE_STRIP = NO;
				DEBUG_INFORMATION_FORMAT = "dwarf-with-dsym";
				ENABLE_NS_ASSERTIONS = NO;
				ENABLE_STRICT_OBJC_MSGSEND = YES;
				GCC_C_LANGUAGE_STANDARD = gnu11;
				GCC_NO_COMMON_BLOCKS = YES;
				GCC_WARN_64_TO_32_BIT_CONVERSION = YES;
				GCC_WARN_ABOUT_RETURN_TYPE = YES_ERROR;
				GCC_WARN_UNDECLARED_SELECTOR = YES;
				GCC_WARN_UNINITIALIZED_AUTOS = YES_AGGRESSIVE;
				GCC_WARN_UNUSED_FUNCTION = YES;
				GCC_WARN_UNUSED_VARIABLE = YES;
				IPHONEOS_DEPLOYMENT_TARGET = 13.2;
				MTL_ENABLE_DEBUG_INFO = NO;
				MTL_FAST_MATH = YES;
				SDKROOT = iphoneos;
				SWIFT_COMPILATION_MODE = wholemodule;
				SWIFT_OPTIMIZATION_LEVEL = "-O";
				VALIDATE_PRODUCT = YES;
			};
			name = Release;
		};
		FFEB55B023E1CC5600A90B35 /* Debug */ = {
			isa = XCBuildConfiguration;
			buildSettings = {
				ASSETCATALOG_COMPILER_APPICON_NAME = AppIcon;
				CODE_SIGN_STYLE = Automatic;
				INFOPLIST_FILE = AutoLayoutPractice/Info.plist;
				LD_RUNPATH_SEARCH_PATHS = (
					"$(inherited)",
					"@executable_path/Frameworks",
				);
				PRODUCT_BUNDLE_IDENTIFIER = com.example.AutoLayoutPractice;
				PRODUCT_NAME = "$(TARGET_NAME)";
				SWIFT_VERSION = 5.0;
				TARGETED_DEVICE_FAMILY = "1,2";
			};
			name = Debug;
		};
		FFEB55B123E1CC5600A90B35 /* Release */ = {
			isa = XCBuildConfiguration;
			buildSettings = {
				ASSETCATALOG_COMPILER_APPICON_NAME = AppIcon;
				CODE_SIGN_STYLE = Automatic;
				INFOPLIST_FILE = AutoLayoutPractice/Info.plist;
				LD_RUNPATH_SEARCH_PATHS = (
					"$(inherited)",
					"@executable_path/Frameworks",
				);
				PRODUCT_BUNDLE_IDENTIFIER = com.example.AutoLayoutPractice;
				PRODUCT_NAME = "$(TARGET_NAME)";
				SWIFT_VERSION = 5.0;
				TARGETED_DEVICE_FAMILY = "1,2";
			};
			name = Release;
		};
/* End XCBuildConfiguration section */

/* Begin XCConfigurationList section */
		FFEB559623E1CC5500A90B35 /* Build configuration list for PBXProject "AutoLayoutPractice" */ = {
			isa = XCConfigurationList;
			buildConfigurations = (
				FFEB55AD23E1CC5600A90B35 /* Debug */,
				FFEB55AE23E1CC5600A90B35 /* Release */,
			);
			defaultConfigurationIsVisible = 0;
			defaultConfigurationName = Release;
		};
		FFEB55AF23E1CC5600A90B35 /* Build configuration list for PBXNativeTarget "AutoLayoutPractice" */ = {
			isa = XCConfigurationList;
			buildConfigurations = (
				FFEB55B023E1CC5600A90B35 /* Debug */,
				FFEB55B123E1CC5600A90B35 /* Release */,
			);
			defaultConfigurationIsVisible = 0;
			defaultConfigurationName = Release;
		};
/* End XCConfigurationList section */
	};
	rootObject = FFEB559323E1CC5500A90B35 /* Project object */;
}
