// !$*UTF8*$!
{
	archiveVersion = 1;
	classes = {
	};
	objectVersion = 50;
	objects = {

/* Begin PBXBuildFile section */
		FF2B93BB23E41F9900FC2C25 /* AppDelegate.swift in Sources */ = {isa = PBXBuildFile; fileRef = FF2B93BA23E41F9900FC2C25 /* AppDelegate.swift */; };
		FF2B93BD23E41F9900FC2C25 /* SceneDelegate.swift in Sources */ = {isa = PBXBuildFile; fileRef = FF2B93BC23E41F9900FC2C25 /* SceneDelegate.swift */; };
		FF2B93BF23E41F9900FC2C25 /* ViewController.swift in Sources */ = {isa = PBXBuildFile; fileRef = FF2B93BE23E41F9900FC2C25 /* ViewController.swift */; };
		FF2B93C223E41F9900FC2C25 /* Main.storyboard in Resources */ = {isa = PBXBuildFile; fileRef = FF2B93C023E41F9900FC2C25 /* Main.storyboard */; };
		FF2B93C423E41F9A00FC2C25 /* Assets.xcassets in Resources */ = {isa = PBXBuildFile; fileRef = FF2B93C323E41F9A00FC2C25 /* Assets.xcassets */; };
		FF2B93C723E41F9A00FC2C25 /* LaunchScreen.storyboard in Resources */ = {isa = PBXBuildFile; fileRef = FF2B93C523E41F9A00FC2C25 /* LaunchScreen.storyboard */; };
/* End PBXBuildFile section */

/* Begin PBXFileReference section */
		FF2B93B723E41F9900FC2C25 /* AppEventCount.app */ = {isa = PBXFileReference; explicitFileType = wrapper.application; includeInIndex = 0; path = AppEventCount.app; sourceTree = BUILT_PRODUCTS_DIR; };
		FF2B93BA23E41F9900FC2C25 /* AppDelegate.swift */ = {isa = PBXFileReference; lastKnownFileType = sourcecode.swift; path = AppDelegate.swift; sourceTree = "<group>"; };
		FF2B93BC23E41F9900FC2C25 /* SceneDelegate.swift */ = {isa = PBXFileReference; lastKnownFileType = sourcecode.swift; path = SceneDelegate.swift; sourceTree = "<group>"; };
		FF2B93BE23E41F9900FC2C25 /* ViewController.swift */ = {isa = PBXFileReference; lastKnownFileType = sourcecode.swift; path = ViewController.swift; sourceTree = "<group>"; };
		FF2B93C123E41F9900FC2C25 /* Base */ = {isa = PBXFileReference; lastKnownFileType = file.storyboard; name = Base; path = Base.lproj/Main.storyboard; sourceTree = "<group>"; };
		FF2B93C323E41F9A00FC2C25 /* Assets.xcassets */ = {isa = PBXFileReference; lastKnownFileType = folder.assetcatalog; path = Assets.xcassets; sourceTree = "<group>"; };
		FF2B93C623E41F9A00FC2C25 /* Base */ = {isa = PBXFileReference; lastKnownFileType = file.storyboard; name = Base; path = Base.lproj/LaunchScreen.storyboard; sourceTree = "<group>"; };
		FF2B93C823E41F9A00FC2C25 /* Info.plist */ = {isa = PBXFileReference; lastKnownFileType = text.plist.xml; path = Info.plist; sourceTree = "<group>"; };
/* End PBXFileReference section */

/* Begin PBXFrameworksBuildPhase section */
		FF2B93B423E41F9900FC2C25 /* Frameworks */ = {
			isa = PBXFrameworksBuildPhase;
			buildActionMask = 2147483647;
			files = (
			);
			runOnlyForDeploymentPostprocessing = 0;
		};
/* End PBXFrameworksBuildPhase section */

/* Begin PBXGroup section */
		FF2B93AE23E41F9900FC2C25 = {
			isa = PBXGroup;
			children = (
				FF2B93B923E41F9900FC2C25 /* AppEventCount */,
				FF2B93B823E41F9900FC2C25 /* Products */,
			);
			sourceTree = "<group>";
		};
		FF2B93B823E41F9900FC2C25 /* Products */ = {
			isa = PBXGroup;
			children = (
				FF2B93B723E41F9900FC2C25 /* AppEventCount.app */,
			);
			name = Products;
			sourceTree = "<group>";
		};
		FF2B93B923E41F9900FC2C25 /* AppEventCount */ = {
			isa = PBXGroup;
			children = (
				FF2B93BA23E41F9900FC2C25 /* AppDelegate.swift */,
				FF2B93BC23E41F9900FC2C25 /* SceneDelegate.swift */,
				FF2B93BE23E41F9900FC2C25 /* ViewController.swift */,
				FF2B93C023E41F9900FC2C25 /* Main.storyboard */,
				FF2B93C323E41F9A00FC2C25 /* Assets.xcassets */,
				FF2B93C523E41F9A00FC2C25 /* LaunchScreen.storyboard */,
				FF2B93C823E41F9A00FC2C25 /* Info.plist */,
			);
			path = AppEventCount;
			sourceTree = "<group>";
		};
/* End PBXGroup section */

/* Begin PBXNativeTarget section */
		FF2B93B623E41F9900FC2C25 /* AppEventCount */ = {
			isa = PBXNativeTarget;
			buildConfigurationList = FF2B93CB23E41F9A00FC2C25 /* Build configuration list for PBXNativeTarget "AppEventCount" */;
			buildPhases = (
				FF2B93B323E41F9900FC2C25 /* Sources */,
				FF2B93B423E41F9900FC2C25 /* Frameworks */,
				FF2B93B523E41F9900FC2C25 /* Resources */,
			);
			buildRules = (
			);
			dependencies = (
			);
			name = AppEventCount;
			productName = AppEventCount;
			productReference = FF2B93B723E41F9900FC2C25 /* AppEventCount.app */;
			productType = "com.apple.product-type.application";
		};
/* End PBXNativeTarget section */

/* Begin PBXProject section */
		FF2B93AF23E41F9900FC2C25 /* Project object */ = {
			isa = PBXProject;
			attributes = {
				LastSwiftUpdateCheck = 1130;
				LastUpgradeCheck = 1130;
				ORGANIZATIONNAME = Sola;
				TargetAttributes = {
					FF2B93B623E41F9900FC2C25 = {
						CreatedOnToolsVersion = 11.3.1;
					};
				};
			};
			buildConfigurationList = FF2B93B223E41F9900FC2C25 /* Build configuration list for PBXProject "AppEventCount" */;
			compatibilityVersion = "Xcode 9.3";
			developmentRegion = en;
			hasScannedForEncodings = 0;
			knownRegions = (
				en,
				Base,
			);
			mainGroup = FF2B93AE23E41F9900FC2C25;
			productRefGroup = FF2B93B823E41F9900FC2C25 /* Products */;
			projectDirPath = "";
			projectRoot = "";
			targets = (
				FF2B93B623E41F9900FC2C25 /* AppEventCount */,
			);
		};
/* End PBXProject section */

/* Begin PBXResourcesBuildPhase section */
		FF2B93B523E41F9900FC2C25 /* Resources */ = {
			isa = PBXResourcesBuildPhase;
			buildActionMask = 2147483647;
			files = (
				FF2B93C723E41F9A00FC2C25 /* LaunchScreen.storyboard in Resources */,
				FF2B93C423E41F9A00FC2C25 /* Assets.xcassets in Resources */,
				FF2B93C223E41F9900FC2C25 /* Main.storyboard in Resources */,
			);
			runOnlyForDeploymentPostprocessing = 0;
		};
/* End PBXResourcesBuildPhase section */

/* Begin PBXSourcesBuildPhase section */
		FF2B93B323E41F9900FC2C25 /* Sources */ = {
			isa = PBXSourcesBuildPhase;
			buildActionMask = 2147483647;
			files = (
				FF2B93BF23E41F9900FC2C25 /* ViewController.swift in Sources */,
				FF2B93BB23E41F9900FC2C25 /* AppDelegate.swift in Sources */,
				FF2B93BD23E41F9900FC2C25 /* SceneDelegate.swift in Sources */,
			);
			runOnlyForDeploymentPostprocessing = 0;
		};
/* End PBXSourcesBuildPhase section */

/* Begin PBXVariantGroup section */
		FF2B93C023E41F9900FC2C25 /* Main.storyboard */ = {
			isa = PBXVariantGroup;
			children = (
				FF2B93C123E41F9900FC2C25 /* Base */,
			);
			name = Main.storyboard;
			sourceTree = "<group>";
		};
		FF2B93C523E41F9A00FC2C25 /* LaunchScreen.storyboard */ = {
			isa = PBXVariantGroup;
			children = (
				FF2B93C623E41F9A00FC2C25 /* Base */,
			);
			name = LaunchScreen.storyboard;
			sourceTree = "<group>";
		};
/* End PBXVariantGroup section */

/* Begin XCBuildConfiguration section */
		FF2B93C923E41F9A00FC2C25 /* Debug */ = {
			isa = XCBuildConfiguration;
			buildSettings = {
				ALWAYS_SEARCH_USER_PATHS = NO;
				CLANG_ANALYZER_NONNULL = YES;
				CLANG_ANALYZER_NUMBER_OBJECT_CONVERSION = YES_AGGRESSIVE;
				CLANG_CXX_LANGUAGE_STANDARD = "gnu++14";
				CLANG_CXX_LIBRARY = "libc++";
				CLANG_ENABLE_MODULES = YES;
				CLANG_ENABLE_OBJC_ARC = YES;
				CLANG_ENABLE_OBJC_WEAK = YES;
				CLANG_WARN_BLOCK_CAPTURE_AUTORELEASING = YES;
				CLANG_WARN_BOOL_CONVERSION = YES;
				CLANG_WARN_COMMA = YES;
				CLANG_WARN_CONSTANT_CONVERSION = YES;
				CLANG_WARN_DEPRECATED_OBJC_IMPLEMENTATIONS = YES;
				CLANG_WARN_DIRECT_OBJC_ISA_USAGE = YES_ERROR;
				CLANG_WARN_DOCUMENTATION_COMMENTS = YES;
				CLANG_WARN_EMPTY_BODY = YES;
				CLANG_WARN_ENUM_CONVERSION = YES;
				CLANG_WARN_INFINITE_RECURSION = YES;
				CLANG_WARN_INT_CONVERSION = YES;
				CLANG_WARN_NON_LITERAL_NULL_CONVERSION = YES;
				CLANG_WARN_OBJC_IMPLICIT_RETAIN_SELF = YES;
				CLANG_WARN_OBJC_LITERAL_CONVERSION = YES;
				CLANG_WARN_OBJC_ROOT_CLASS = YES_ERROR;
				CLANG_WARN_RANGE_LOOP_ANALYSIS = YES;
				CLANG_WARN_STRICT_PROTOTYPES = YES;
				CLANG_WARN_SUSPICIOUS_MOVE = YES;
				CLANG_WARN_UNGUARDED_AVAILABILITY = YES_AGGRESSIVE;
				CLANG_WARN_UNREACHABLE_CODE = YES;
				CLANG_WARN__DUPLICATE_METHOD_MATCH = YES;
				COPY_PHASE_STRIP = NO;
				DEBUG_INFORMATION_FORMAT = dwarf;
				ENABLE_STRICT_OBJC_MSGSEND = YES;
				ENABLE_TESTABILITY = YES;
				GCC_C_LANGUAGE_STANDARD = gnu11;
				GCC_DYNAMIC_NO_PIC = NO;
				GCC_NO_COMMON_BLOCKS = YES;
				GCC_OPTIMIZATION_LEVEL = 0;
				GCC_PREPROCESSOR_DEFINITIONS = (
					"DEBUG=1",
					"$(inherited)",
				);
				GCC_WARN_64_TO_32_BIT_CONVERSION = YES;
				GCC_WARN_ABOUT_RETURN_TYPE = YES_ERROR;
				GCC_WARN_UNDECLARED_SELECTOR = YES;
				GCC_WARN_UNINITIALIZED_AUTOS = YES_AGGRESSIVE;
				GCC_WARN_UNUSED_FUNCTION = YES;
				GCC_WARN_UNUSED_VARIABLE = YES;
				IPHONEOS_DEPLOYMENT_TARGET = 13.2;
				MTL_ENABLE_DEBUG_INFO = INCLUDE_SOURCE;
				MTL_FAST_MATH = YES;
				ONLY_ACTIVE_ARCH = YES;
				SDKROOT = iphoneos;
				SWIFT_ACTIVE_COMPILATION_CONDITIONS = DEBUG;
				SWIFT_OPTIMIZATION_LEVEL = "-Onone";
			};
			name = Debug;
		};
		FF2B93CA23E41F9A00FC2C25 /* Release */ = {
			isa = XCBuildConfiguration;
			buildSettings = {
				ALWAYS_SEARCH_USER_PATHS = NO;
				CLANG_ANALYZER_NONNULL = YES;
				CLANG_ANALYZER_NUMBER_OBJECT_CONVERSION = YES_AGGRESSIVE;
				CLANG_CXX_LANGUAGE_STANDARD = "gnu++14";
				CLANG_CXX_LIBRARY = "libc++";
				CLANG_ENABLE_MODULES = YES;
				CLANG_ENABLE_OBJC_ARC = YES;
				CLANG_ENABLE_OBJC_WEAK = YES;
				CLANG_WARN_BLOCK_CAPTURE_AUTORELEASING = YES;
				CLANG_WARN_BOOL_CONVERSION = YES;
				CLANG_WARN_COMMA = YES;
				CLANG_WARN_CONSTANT_CONVERSION = YES;
				CLANG_WARN_DEPRECATED_OBJC_IMPLEMENTATIONS = YES;
				CLANG_WARN_DIRECT_OBJC_ISA_USAGE = YES_ERROR;
				CLANG_WARN_DOCUMENTATION_COMMENTS = YES;
				CLANG_WARN_EMPTY_BODY = YES;
				CLANG_WARN_ENUM_CONVERSION = YES;
				CLANG_WARN_INFINITE_RECURSION = YES;
				CLANG_WARN_INT_CONVERSION = YES;
				CLANG_WARN_NON_LITERAL_NULL_CONVERSION = YES;
				CLANG_WARN_OBJC_IMPLICIT_RETAIN_SELF = YES;
				CLANG_WARN_OBJC_LITERAL_CONVERSION = YES;
				CLANG_WARN_OBJC_ROOT_CLASS = YES_ERROR;
				CLANG_WARN_RANGE_LOOP_ANALYSIS = YES;
				CLANG_WARN_STRICT_PROTOTYPES = YES;
				CLANG_WARN_SUSPICIOUS_MOVE = YES;
				CLANG_WARN_UNGUARDED_AVAILABILITY = YES_AGGRESSIVE;
				CLANG_WARN_UNREACHABLE_CODE = YES;
				CLANG_WARN__DUPLICATE_METHOD_MATCH = YES;
				COPY_PHASE_STRIP = NO;
				DEBUG_INFORMATION_FORMAT = "dwarf-with-dsym";
				ENABLE_NS_ASSERTIONS = NO;
				ENABLE_STRICT_OBJC_MSGSEND = YES;
				GCC_C_LANGUAGE_STANDARD = gnu11;
				GCC_NO_COMMON_BLOCKS = YES;
				GCC_WARN_64_TO_32_BIT_CONVERSION = YES;
				GCC_WARN_ABOUT_RETURN_TYPE = YES_ERROR;
				GCC_WARN_UNDECLARED_SELECTOR = YES;
				GCC_WARN_UNINITIALIZED_AUTOS = YES_AGGRESSIVE;
				GCC_WARN_UNUSED_FUNCTION = YES;
				GCC_WARN_UNUSED_VARIABLE = YES;
				IPHONEOS_DEPLOYMENT_TARGET = 13.2;
				MTL_ENABLE_DEBUG_INFO = NO;
				MTL_FAST_MATH = YES;
				SDKROOT = iphoneos;
				SWIFT_COMPILATION_MODE = wholemodule;
				SWIFT_OPTIMIZATION_LEVEL = "-O";
				VALIDATE_PRODUCT = YES;
			};
			name = Release;
		};
		FF2B93CC23E41F9A00FC2C25 /* Debug */ = {
			isa = XCBuildConfiguration;
			buildSettings = {
				ASSETCATALOG_COMPILER_APPICON_NAME = AppIcon;
				CODE_SIGN_STYLE = Automatic;
				INFOPLIST_FILE = AppEventCount/Info.plist;
				LD_RUNPATH_SEARCH_PATHS = (
					"$(inherited)",
					"@executable_path/Frameworks",
				);
				PRODUCT_BUNDLE_IDENTIFIER = com.example.AppEventCount;
				PRODUCT_NAME = "$(TARGET_NAME)";
				SWIFT_VERSION = 5.0;
				TARGETED_DEVICE_FAMILY = "1,2";
			};
			name = Debug;
		};
		FF2B93CD23E41F9A00FC2C25 /* Release */ = {
			isa = XCBuildConfiguration;
			buildSettings = {
				ASSETCATALOG_COMPILER_APPICON_NAME = AppIcon;
				CODE_SIGN_STYLE = Automatic;
				INFOPLIST_FILE = AppEventCount/Info.plist;
				LD_RUNPATH_SEARCH_PATHS = (
					"$(inherited)",
					"@executable_path/Frameworks",
				);
				PRODUCT_BUNDLE_IDENTIFIER = com.example.AppEventCount;
				PRODUCT_NAME = "$(TARGET_NAME)";
				SWIFT_VERSION = 5.0;
				TARGETED_DEVICE_FAMILY = "1,2";
			};
			name = Release;
		};
/* End XCBuildConfiguration section */

/* Begin XCConfigurationList section */
		FF2B93B223E41F9900FC2C25 /* Build configuration list for PBXProject "AppEventCount" */ = {
			isa = XCConfigurationList;
			buildConfigurations = (
				FF2B93C923E41F9A00FC2C25 /* Debug */,
				FF2B93CA23E41F9A00FC2C25 /* Release */,
			);
			defaultConfigurationIsVisible = 0;
			defaultConfigurationName = Release;
		};
		FF2B93CB23E41F9A00FC2C25 /* Build configuration list for PBXNativeTarget "AppEventCount" */ = {
			isa = XCConfigurationList;
			buildConfigurations = (
				FF2B93CC23E41F9A00FC2C25 /* Debug */,
				FF2B93CD23E41F9A00FC2C25 /* Release */,
			);
			defaultConfigurationIsVisible = 0;
			defaultConfigurationName = Release;
		};
/* End XCConfigurationList section */
	};
	rootObject = FF2B93AF23E41F9900FC2C25 /* Project object */;
}
