// !$*UTF8*$!
{
	archiveVersion = 1;
	classes = {
	};
	objectVersion = 50;
	objects = {

/* Begin PBXBuildFile section */
		FF6B163423E2F30F007074B1 /* AppDelegate.swift in Sources */ = {isa = PBXBuildFile; fileRef = FF6B163323E2F30F007074B1 /* AppDelegate.swift */; };
		FF6B163623E2F30F007074B1 /* SceneDelegate.swift in Sources */ = {isa = PBXBuildFile; fileRef = FF6B163523E2F30F007074B1 /* SceneDelegate.swift */; };
		FF6B163823E2F30F007074B1 /* RedViewController.swift in Sources */ = {isa = PBXBuildFile; fileRef = FF6B163723E2F30F007074B1 /* RedViewController.swift */; };
		FF6B163B23E2F30F007074B1 /* Main.storyboard in Resources */ = {isa = PBXBuildFile; fileRef = FF6B163923E2F30F007074B1 /* Main.storyboard */; };
		FF6B163D23E2F30F007074B1 /* Assets.xcassets in Resources */ = {isa = PBXBuildFile; fileRef = FF6B163C23E2F30F007074B1 /* Assets.xcassets */; };
		FF6B164023E2F30F007074B1 /* LaunchScreen.storyboard in Resources */ = {isa = PBXBuildFile; fileRef = FF6B163E23E2F30F007074B1 /* LaunchScreen.storyboard */; };
		FFB25F5A23E3177A0084196A /* OrangeViewController.swift in Sources */ = {isa = PBXBuildFile; fileRef = FFB25F5923E3177A0084196A /* OrangeViewController.swift */; };
		FFB25F5C23E317DE0084196A /* YellowViewController.swift in Sources */ = {isa = PBXBuildFile; fileRef = FFB25F5B23E317DE0084196A /* YellowViewController.swift */; };
		FFB25F5E23E318010084196A /* GreenViewController.swift in Sources */ = {isa = PBXBuildFile; fileRef = FFB25F5D23E318010084196A /* GreenViewController.swift */; };
		FFB25F6023E318890084196A /* BlueViewController.swift in Sources */ = {isa = PBXBuildFile; fileRef = FFB25F5F23E318890084196A /* BlueViewController.swift */; };
		FFB25F6223E318A30084196A /* PurpleViewController.swift in Sources */ = {isa = PBXBuildFile; fileRef = FFB25F6123E318A30084196A /* PurpleViewController.swift */; };
/* End PBXBuildFile section */

/* Begin PBXFileReference section */
		FF6B163023E2F30F007074B1 /* RainbowTabs.app */ = {isa = PBXFileReference; explicitFileType = wrapper.application; includeInIndex = 0; path = RainbowTabs.app; sourceTree = BUILT_PRODUCTS_DIR; };
		FF6B163323E2F30F007074B1 /* AppDelegate.swift */ = {isa = PBXFileReference; lastKnownFileType = sourcecode.swift; path = AppDelegate.swift; sourceTree = "<group>"; };
		FF6B163523E2F30F007074B1 /* SceneDelegate.swift */ = {isa = PBXFileReference; lastKnownFileType = sourcecode.swift; path = SceneDelegate.swift; sourceTree = "<group>"; };
		FF6B163723E2F30F007074B1 /* RedViewController.swift */ = {isa = PBXFileReference; lastKnownFileType = sourcecode.swift; path = RedViewController.swift; sourceTree = "<group>"; };
		FF6B163A23E2F30F007074B1 /* Base */ = {isa = PBXFileReference; lastKnownFileType = file.storyboard; name = Base; path = Base.lproj/Main.storyboard; sourceTree = "<group>"; };
		FF6B163C23E2F30F007074B1 /* Assets.xcassets */ = {isa = PBXFileReference; lastKnownFileType = folder.assetcatalog; path = Assets.xcassets; sourceTree = "<group>"; };
		FF6B163F23E2F30F007074B1 /* Base */ = {isa = PBXFileReference; lastKnownFileType = file.storyboard; name = Base; path = Base.lproj/LaunchScreen.storyboard; sourceTree = "<group>"; };
		FF6B164123E2F30F007074B1 /* Info.plist */ = {isa = PBXFileReference; lastKnownFileType = text.plist.xml; path = Info.plist; sourceTree = "<group>"; };
		FFB25F5923E3177A0084196A /* OrangeViewController.swift */ = {isa = PBXFileReference; lastKnownFileType = sourcecode.swift; path = OrangeViewController.swift; sourceTree = "<group>"; };
		FFB25F5B23E317DE0084196A /* YellowViewController.swift */ = {isa = PBXFileReference; lastKnownFileType = sourcecode.swift; path = YellowViewController.swift; sourceTree = "<group>"; };
		FFB25F5D23E318010084196A /* GreenViewController.swift */ = {isa = PBXFileReference; lastKnownFileType = sourcecode.swift; path = GreenViewController.swift; sourceTree = "<group>"; };
		FFB25F5F23E318890084196A /* BlueViewController.swift */ = {isa = PBXFileReference; lastKnownFileType = sourcecode.swift; path = BlueViewController.swift; sourceTree = "<group>"; };
		FFB25F6123E318A30084196A /* PurpleViewController.swift */ = {isa = PBXFileReference; lastKnownFileType = sourcecode.swift; path = PurpleViewController.swift; sourceTree = "<group>"; };
/* End PBXFileReference section */

/* Begin PBXFrameworksBuildPhase section */
		FF6B162D23E2F30F007074B1 /* Frameworks */ = {
			isa = PBXFrameworksBuildPhase;
			buildActionMask = 2147483647;
			files = (
			);
			runOnlyForDeploymentPostprocessing = 0;
		};
/* End PBXFrameworksBuildPhase section */

/* Begin PBXGroup section */
		FF6B162723E2F30F007074B1 = {
			isa = PBXGroup;
			children = (
				FF6B163223E2F30F007074B1 /* RainbowTabs */,
				FF6B163123E2F30F007074B1 /* Products */,
			);
			sourceTree = "<group>";
		};
		FF6B163123E2F30F007074B1 /* Products */ = {
			isa = PBXGroup;
			children = (
				FF6B163023E2F30F007074B1 /* RainbowTabs.app */,
			);
			name = Products;
			sourceTree = "<group>";
		};
		FF6B163223E2F30F007074B1 /* RainbowTabs */ = {
			isa = PBXGroup;
			children = (
				FF6B163323E2F30F007074B1 /* AppDelegate.swift */,
				FF6B163523E2F30F007074B1 /* SceneDelegate.swift */,
				FF6B163723E2F30F007074B1 /* RedViewController.swift */,
				FF6B163923E2F30F007074B1 /* Main.storyboard */,
				FFB25F6123E318A30084196A /* PurpleViewController.swift */,
				FFB25F5F23E318890084196A /* BlueViewController.swift */,
				FFB25F5D23E318010084196A /* GreenViewController.swift */,
				FFB25F5B23E317DE0084196A /* YellowViewController.swift */,
				FFB25F5923E3177A0084196A /* OrangeViewController.swift */,
				FF6B163C23E2F30F007074B1 /* Assets.xcassets */,
				FF6B163E23E2F30F007074B1 /* LaunchScreen.storyboard */,
				FF6B164123E2F30F007074B1 /* Info.plist */,
			);
			path = RainbowTabs;
			sourceTree = "<group>";
		};
/* End PBXGroup section */

/* Begin PBXNativeTarget section */
		FF6B162F23E2F30F007074B1 /* RainbowTabs */ = {
			isa = PBXNativeTarget;
			buildConfigurationList = FF6B164423E2F30F007074B1 /* Build configuration list for PBXNativeTarget "RainbowTabs" */;
			buildPhases = (
				FF6B162C23E2F30F007074B1 /* Sources */,
				FF6B162D23E2F30F007074B1 /* Frameworks */,
				FF6B162E23E2F30F007074B1 /* Resources */,
			);
			buildRules = (
			);
			dependencies = (
			);
			name = RainbowTabs;
			productName = RainbowTabs;
			productReference = FF6B163023E2F30F007074B1 /* RainbowTabs.app */;
			productType = "com.apple.product-type.application";
		};
/* End PBXNativeTarget section */

/* Begin PBXProject section */
		FF6B162823E2F30F007074B1 /* Project object */ = {
			isa = PBXProject;
			attributes = {
				LastSwiftUpdateCheck = 1130;
				LastUpgradeCheck = 1130;
				ORGANIZATIONNAME = Sola;
				TargetAttributes = {
					FF6B162F23E2F30F007074B1 = {
						CreatedOnToolsVersion = 11.3.1;
					};
				};
			};
			buildConfigurationList = FF6B162B23E2F30F007074B1 /* Build configuration list for PBXProject "RainbowTabs" */;
			compatibilityVersion = "Xcode 9.3";
			developmentRegion = en;
			hasScannedForEncodings = 0;
			knownRegions = (
				en,
				Base,
			);
			mainGroup = FF6B162723E2F30F007074B1;
			productRefGroup = FF6B163123E2F30F007074B1 /* Products */;
			projectDirPath = "";
			projectRoot = "";
			targets = (
				FF6B162F23E2F30F007074B1 /* RainbowTabs */,
			);
		};
/* End PBXProject section */

/* Begin PBXResourcesBuildPhase section */
		FF6B162E23E2F30F007074B1 /* Resources */ = {
			isa = PBXResourcesBuildPhase;
			buildActionMask = 2147483647;
			files = (
				FF6B164023E2F30F007074B1 /* LaunchScreen.storyboard in Resources */,
				FF6B163D23E2F30F007074B1 /* Assets.xcassets in Resources */,
				FF6B163B23E2F30F007074B1 /* Main.storyboard in Resources */,
			);
			runOnlyForDeploymentPostprocessing = 0;
		};
/* End PBXResourcesBuildPhase section */

/* Begin PBXSourcesBuildPhase section */
		FF6B162C23E2F30F007074B1 /* Sources */ = {
			isa = PBXSourcesBuildPhase;
			buildActionMask = 2147483647;
			files = (
				FFB25F5E23E318010084196A /* GreenViewController.swift in Sources */,
				FFB25F5A23E3177A0084196A /* OrangeViewController.swift in Sources */,
				FF6B163823E2F30F007074B1 /* RedViewController.swift in Sources */,
				FF6B163423E2F30F007074B1 /* AppDelegate.swift in Sources */,
				FFB25F6223E318A30084196A /* PurpleViewController.swift in Sources */,
				FF6B163623E2F30F007074B1 /* SceneDelegate.swift in Sources */,
				FFB25F5C23E317DE0084196A /* YellowViewController.swift in Sources */,
				FFB25F6023E318890084196A /* BlueViewController.swift in Sources */,
			);
			runOnlyForDeploymentPostprocessing = 0;
		};
/* End PBXSourcesBuildPhase section */

/* Begin PBXVariantGroup section */
		FF6B163923E2F30F007074B1 /* Main.storyboard */ = {
			isa = PBXVariantGroup;
			children = (
				FF6B163A23E2F30F007074B1 /* Base */,
			);
			name = Main.storyboard;
			sourceTree = "<group>";
		};
		FF6B163E23E2F30F007074B1 /* LaunchScreen.storyboard */ = {
			isa = PBXVariantGroup;
			children = (
				FF6B163F23E2F30F007074B1 /* Base */,
			);
			name = LaunchScreen.storyboard;
			sourceTree = "<group>";
		};
/* End PBXVariantGroup section */

/* Begin XCBuildConfiguration section */
		FF6B164223E2F30F007074B1 /* Debug */ = {
			isa = XCBuildConfiguration;
			buildSettings = {
				ALWAYS_SEARCH_USER_PATHS = NO;
				CLANG_ANALYZER_NONNULL = YES;
				CLANG_ANALYZER_NUMBER_OBJECT_CONVERSION = YES_AGGRESSIVE;
				CLANG_CXX_LANGUAGE_STANDARD = "gnu++14";
				CLANG_CXX_LIBRARY = "libc++";
				CLANG_ENABLE_MODULES = YES;
				CLANG_ENABLE_OBJC_ARC = YES;
				CLANG_ENABLE_OBJC_WEAK = YES;
				CLANG_WARN_BLOCK_CAPTURE_AUTORELEASING = YES;
				CLANG_WARN_BOOL_CONVERSION = YES;
				CLANG_WARN_COMMA = YES;
				CLANG_WARN_CONSTANT_CONVERSION = YES;
				CLANG_WARN_DEPRECATED_OBJC_IMPLEMENTATIONS = YES;
				CLANG_WARN_DIRECT_OBJC_ISA_USAGE = YES_ERROR;
				CLANG_WARN_DOCUMENTATION_COMMENTS = YES;
				CLANG_WARN_EMPTY_BODY = YES;
				CLANG_WARN_ENUM_CONVERSION = YES;
				CLANG_WARN_INFINITE_RECURSION = YES;
				CLANG_WARN_INT_CONVERSION = YES;
				CLANG_WARN_NON_LITERAL_NULL_CONVERSION = YES;
				CLANG_WARN_OBJC_IMPLICIT_RETAIN_SELF = YES;
				CLANG_WARN_OBJC_LITERAL_CONVERSION = YES;
				CLANG_WARN_OBJC_ROOT_CLASS = YES_ERROR;
				CLANG_WARN_RANGE_LOOP_ANALYSIS = YES;
				CLANG_WARN_STRICT_PROTOTYPES = YES;
				CLANG_WARN_SUSPICIOUS_MOVE = YES;
				CLANG_WARN_UNGUARDED_AVAILABILITY = YES_AGGRESSIVE;
				CLANG_WARN_UNREACHABLE_CODE = YES;
				CLANG_WARN__DUPLICATE_METHOD_MATCH = YES;
				COPY_PHASE_STRIP = NO;
				DEBUG_INFORMATION_FORMAT = dwarf;
				ENABLE_STRICT_OBJC_MSGSEND = YES;
				ENABLE_TESTABILITY = YES;
				GCC_C_LANGUAGE_STANDARD = gnu11;
				GCC_DYNAMIC_NO_PIC = NO;
				GCC_NO_COMMON_BLOCKS = YES;
				GCC_OPTIMIZATION_LEVEL = 0;
				GCC_PREPROCESSOR_DEFINITIONS = (
					"DEBUG=1",
					"$(inherited)",
				);
				GCC_WARN_64_TO_32_BIT_CONVERSION = YES;
				GCC_WARN_ABOUT_RETURN_TYPE = YES_ERROR;
				GCC_WARN_UNDECLARED_SELECTOR = YES;
				GCC_WARN_UNINITIALIZED_AUTOS = YES_AGGRESSIVE;
				GCC_WARN_UNUSED_FUNCTION = YES;
				GCC_WARN_UNUSED_VARIABLE = YES;
				IPHONEOS_DEPLOYMENT_TARGET = 13.2;
				MTL_ENABLE_DEBUG_INFO = INCLUDE_SOURCE;
				MTL_FAST_MATH = YES;
				ONLY_ACTIVE_ARCH = YES;
				SDKROOT = iphoneos;
				SWIFT_ACTIVE_COMPILATION_CONDITIONS = DEBUG;
				SWIFT_OPTIMIZATION_LEVEL = "-Onone";
			};
			name = Debug;
		};
		FF6B164323E2F30F007074B1 /* Release */ = {
			isa = XCBuildConfiguration;
			buildSettings = {
				ALWAYS_SEARCH_USER_PATHS = NO;
				CLANG_ANALYZER_NONNULL = YES;
				CLANG_ANALYZER_NUMBER_OBJECT_CONVERSION = YES_AGGRESSIVE;
				CLANG_CXX_LANGUAGE_STANDARD = "gnu++14";
				CLANG_CXX_LIBRARY = "libc++";
				CLANG_ENABLE_MODULES = YES;
				CLANG_ENABLE_OBJC_ARC = YES;
				CLANG_ENABLE_OBJC_WEAK = YES;
				CLANG_WARN_BLOCK_CAPTURE_AUTORELEASING = YES;
				CLANG_WARN_BOOL_CONVERSION = YES;
				CLANG_WARN_COMMA = YES;
				CLANG_WARN_CONSTANT_CONVERSION = YES;
				CLANG_WARN_DEPRECATED_OBJC_IMPLEMENTATIONS = YES;
				CLANG_WARN_DIRECT_OBJC_ISA_USAGE = YES_ERROR;
				CLANG_WARN_DOCUMENTATION_COMMENTS = YES;
				CLANG_WARN_EMPTY_BODY = YES;
				CLANG_WARN_ENUM_CONVERSION = YES;
				CLANG_WARN_INFINITE_RECURSION = YES;
				CLANG_WARN_INT_CONVERSION = YES;
				CLANG_WARN_NON_LITERAL_NULL_CONVERSION = YES;
				CLANG_WARN_OBJC_IMPLICIT_RETAIN_SELF = YES;
				CLANG_WARN_OBJC_LITERAL_CONVERSION = YES;
				CLANG_WARN_OBJC_ROOT_CLASS = YES_ERROR;
				CLANG_WARN_RANGE_LOOP_ANALYSIS = YES;
				CLANG_WARN_STRICT_PROTOTYPES = YES;
				CLANG_WARN_SUSPICIOUS_MOVE = YES;
				CLANG_WARN_UNGUARDED_AVAILABILITY = YES_AGGRESSIVE;
				CLANG_WARN_UNREACHABLE_CODE = YES;
				CLANG_WARN__DUPLICATE_METHOD_MATCH = YES;
				COPY_PHASE_STRIP = NO;
				DEBUG_INFORMATION_FORMAT = "dwarf-with-dsym";
				ENABLE_NS_ASSERTIONS = NO;
				ENABLE_STRICT_OBJC_MSGSEND = YES;
				GCC_C_LANGUAGE_STANDARD = gnu11;
				GCC_NO_COMMON_BLOCKS = YES;
				GCC_WARN_64_TO_32_BIT_CONVERSION = YES;
				GCC_WARN_ABOUT_RETURN_TYPE = YES_ERROR;
				GCC_WARN_UNDECLARED_SELECTOR = YES;
				GCC_WARN_UNINITIALIZED_AUTOS = YES_AGGRESSIVE;
				GCC_WARN_UNUSED_FUNCTION = YES;
				GCC_WARN_UNUSED_VARIABLE = YES;
				IPHONEOS_DEPLOYMENT_TARGET = 13.2;
				MTL_ENABLE_DEBUG_INFO = NO;
				MTL_FAST_MATH = YES;
				SDKROOT = iphoneos;
				SWIFT_COMPILATION_MODE = wholemodule;
				SWIFT_OPTIMIZATION_LEVEL = "-O";
				VALIDATE_PRODUCT = YES;
			};
			name = Release;
		};
		FF6B164523E2F30F007074B1 /* Debug */ = {
			isa = XCBuildConfiguration;
			buildSettings = {
				ASSETCATALOG_COMPILER_APPICON_NAME = AppIcon;
				CODE_SIGN_STYLE = Automatic;
				INFOPLIST_FILE = RainbowTabs/Info.plist;
				LD_RUNPATH_SEARCH_PATHS = (
					"$(inherited)",
					"@executable_path/Frameworks",
				);
				PRODUCT_BUNDLE_IDENTIFIER = com.example.RainbowTabs;
				PRODUCT_NAME = "$(TARGET_NAME)";
				SWIFT_VERSION = 5.0;
				TARGETED_DEVICE_FAMILY = "1,2";
			};
			name = Debug;
		};
		FF6B164623E2F30F007074B1 /* Release */ = {
			isa = XCBuildConfiguration;
			buildSettings = {
				ASSETCATALOG_COMPILER_APPICON_NAME = AppIcon;
				CODE_SIGN_STYLE = Automatic;
				INFOPLIST_FILE = RainbowTabs/Info.plist;
				LD_RUNPATH_SEARCH_PATHS = (
					"$(inherited)",
					"@executable_path/Frameworks",
				);
				PRODUCT_BUNDLE_IDENTIFIER = com.example.RainbowTabs;
				PRODUCT_NAME = "$(TARGET_NAME)";
				SWIFT_VERSION = 5.0;
				TARGETED_DEVICE_FAMILY = "1,2";
			};
			name = Release;
		};
/* End XCBuildConfiguration section */

/* Begin XCConfigurationList section */
		FF6B162B23E2F30F007074B1 /* Build configuration list for PBXProject "RainbowTabs" */ = {
			isa = XCConfigurationList;
			buildConfigurations = (
				FF6B164223E2F30F007074B1 /* Debug */,
				FF6B164323E2F30F007074B1 /* Release */,
			);
			defaultConfigurationIsVisible = 0;
			defaultConfigurationName = Release;
		};
		FF6B164423E2F30F007074B1 /* Build configuration list for PBXNativeTarget "RainbowTabs" */ = {
			isa = XCConfigurationList;
			buildConfigurations = (
				FF6B164523E2F30F007074B1 /* Debug */,
				FF6B164623E2F30F007074B1 /* Release */,
			);
			defaultConfigurationIsVisible = 0;
			defaultConfigurationName = Release;
		};
/* End XCConfigurationList section */
	};
	rootObject = FF6B162823E2F30F007074B1 /* Project object */;
}
