// !$*UTF8*$!
{
	archiveVersion = 1;
	classes = {
	};
	objectVersion = 50;
	objects = {

/* Begin PBXBuildFile section */
		FF29A46623E3CFD100DE96C3 /* AppDelegate.swift in Sources */ = {isa = PBXBuildFile; fileRef = FF29A46523E3CFD100DE96C3 /* AppDelegate.swift */; };
		FF29A46823E3CFD100DE96C3 /* SceneDelegate.swift in Sources */ = {isa = PBXBuildFile; fileRef = FF29A46723E3CFD100DE96C3 /* SceneDelegate.swift */; };
		FF29A46A23E3CFD100DE96C3 /* IntroductionController.swift in Sources */ = {isa = PBXBuildFile; fileRef = FF29A46923E3CFD100DE96C3 /* IntroductionController.swift */; };
		FF29A46D23E3CFD100DE96C3 /* Main.storyboard in Resources */ = {isa = PBXBuildFile; fileRef = FF29A46B23E3CFD100DE96C3 /* Main.storyboard */; };
		FF29A46F23E3CFD200DE96C3 /* Assets.xcassets in Resources */ = {isa = PBXBuildFile; fileRef = FF29A46E23E3CFD200DE96C3 /* Assets.xcassets */; };
		FF29A47223E3CFD200DE96C3 /* LaunchScreen.storyboard in Resources */ = {isa = PBXBuildFile; fileRef = FF29A47023E3CFD200DE96C3 /* LaunchScreen.storyboard */; };
		FFADC93323E409A100A2B69B /* AnimalType.swift in Sources */ = {isa = PBXBuildFile; fileRef = FFADC93223E409A100A2B69B /* AnimalType.swift */; };
		FFD57C6423E3D8F900E1D2D8 /* QuestionViewController.swift in Sources */ = {isa = PBXBuildFile; fileRef = FFD57C6323E3D8F900E1D2D8 /* QuestionViewController.swift */; };
		FFD57C6623E3D91000E1D2D8 /* ResultsViewController.swift in Sources */ = {isa = PBXBuildFile; fileRef = FFD57C6523E3D91000E1D2D8 /* ResultsViewController.swift */; };
		FFD57C6823E3DEC700E1D2D8 /* QuestionData.swift in Sources */ = {isa = PBXBuildFile; fileRef = FFD57C6723E3DEC700E1D2D8 /* QuestionData.swift */; };
		FFD57C6A23E3E35500E1D2D8 /* Answer.swift in Sources */ = {isa = PBXBuildFile; fileRef = FFD57C6923E3E35500E1D2D8 /* Answer.swift */; };
/* End PBXBuildFile section */

/* Begin PBXFileReference section */
		FF29A46223E3CFD100DE96C3 /* PersonalityQuiz.app */ = {isa = PBXFileReference; explicitFileType = wrapper.application; includeInIndex = 0; path = PersonalityQuiz.app; sourceTree = BUILT_PRODUCTS_DIR; };
		FF29A46523E3CFD100DE96C3 /* AppDelegate.swift */ = {isa = PBXFileReference; lastKnownFileType = sourcecode.swift; path = AppDelegate.swift; sourceTree = "<group>"; };
		FF29A46723E3CFD100DE96C3 /* SceneDelegate.swift */ = {isa = PBXFileReference; lastKnownFileType = sourcecode.swift; path = SceneDelegate.swift; sourceTree = "<group>"; };
		FF29A46923E3CFD100DE96C3 /* IntroductionController.swift */ = {isa = PBXFileReference; lastKnownFileType = sourcecode.swift; path = IntroductionController.swift; sourceTree = "<group>"; };
		FF29A46C23E3CFD100DE96C3 /* Base */ = {isa = PBXFileReference; lastKnownFileType = file.storyboard; name = Base; path = Base.lproj/Main.storyboard; sourceTree = "<group>"; };
		FF29A46E23E3CFD200DE96C3 /* Assets.xcassets */ = {isa = PBXFileReference; lastKnownFileType = folder.assetcatalog; path = Assets.xcassets; sourceTree = "<group>"; };
		FF29A47123E3CFD200DE96C3 /* Base */ = {isa = PBXFileReference; lastKnownFileType = file.storyboard; name = Base; path = Base.lproj/LaunchScreen.storyboard; sourceTree = "<group>"; };
		FF29A47323E3CFD200DE96C3 /* Info.plist */ = {isa = PBXFileReference; lastKnownFileType = text.plist.xml; path = Info.plist; sourceTree = "<group>"; };
		FFADC93223E409A100A2B69B /* AnimalType.swift */ = {isa = PBXFileReference; lastKnownFileType = sourcecode.swift; path = AnimalType.swift; sourceTree = "<group>"; };
		FFD57C6323E3D8F900E1D2D8 /* QuestionViewController.swift */ = {isa = PBXFileReference; lastKnownFileType = sourcecode.swift; path = QuestionViewController.swift; sourceTree = "<group>"; };
		FFD57C6523E3D91000E1D2D8 /* ResultsViewController.swift */ = {isa = PBXFileReference; lastKnownFileType = sourcecode.swift; path = ResultsViewController.swift; sourceTree = "<group>"; };
		FFD57C6723E3DEC700E1D2D8 /* QuestionData.swift */ = {isa = PBXFileReference; lastKnownFileType = sourcecode.swift; path = QuestionData.swift; sourceTree = "<group>"; };
		FFD57C6923E3E35500E1D2D8 /* Answer.swift */ = {isa = PBXFileReference; lastKnownFileType = sourcecode.swift; path = Answer.swift; sourceTree = "<group>"; };
/* End PBXFileReference section */

/* Begin PBXFrameworksBuildPhase section */
		FF29A45F23E3CFD100DE96C3 /* Frameworks */ = {
			isa = PBXFrameworksBuildPhase;
			buildActionMask = 2147483647;
			files = (
			);
			runOnlyForDeploymentPostprocessing = 0;
		};
/* End PBXFrameworksBuildPhase section */

/* Begin PBXGroup section */
		FF29A45923E3CFD100DE96C3 = {
			isa = PBXGroup;
			children = (
				FF29A46423E3CFD100DE96C3 /* PersonalityQuiz */,
				FF29A46323E3CFD100DE96C3 /* Products */,
			);
			sourceTree = "<group>";
		};
		FF29A46323E3CFD100DE96C3 /* Products */ = {
			isa = PBXGroup;
			children = (
				FF29A46223E3CFD100DE96C3 /* PersonalityQuiz.app */,
			);
			name = Products;
			sourceTree = "<group>";
		};
		FF29A46423E3CFD100DE96C3 /* PersonalityQuiz */ = {
			isa = PBXGroup;
			children = (
				FF29A46523E3CFD100DE96C3 /* AppDelegate.swift */,
				FF29A46723E3CFD100DE96C3 /* SceneDelegate.swift */,
				FF29A46923E3CFD100DE96C3 /* IntroductionController.swift */,
				FF29A46B23E3CFD100DE96C3 /* Main.storyboard */,
				FFD57C6723E3DEC700E1D2D8 /* QuestionData.swift */,
				FFD57C6923E3E35500E1D2D8 /* Answer.swift */,
				FFADC93223E409A100A2B69B /* AnimalType.swift */,
				FFD57C6323E3D8F900E1D2D8 /* QuestionViewController.swift */,
				FFD57C6523E3D91000E1D2D8 /* ResultsViewController.swift */,
				FF29A46E23E3CFD200DE96C3 /* Assets.xcassets */,
				FF29A47023E3CFD200DE96C3 /* LaunchScreen.storyboard */,
				FF29A47323E3CFD200DE96C3 /* Info.plist */,
			);
			path = PersonalityQuiz;
			sourceTree = "<group>";
		};
/* End PBXGroup section */

/* Begin PBXNativeTarget section */
		FF29A46123E3CFD100DE96C3 /* PersonalityQuiz */ = {
			isa = PBXNativeTarget;
			buildConfigurationList = FF29A47623E3CFD200DE96C3 /* Build configuration list for PBXNativeTarget "PersonalityQuiz" */;
			buildPhases = (
				FF29A45E23E3CFD100DE96C3 /* Sources */,
				FF29A45F23E3CFD100DE96C3 /* Frameworks */,
				FF29A46023E3CFD100DE96C3 /* Resources */,
			);
			buildRules = (
			);
			dependencies = (
			);
			name = PersonalityQuiz;
			productName = PersonalityQuiz;
			productReference = FF29A46223E3CFD100DE96C3 /* PersonalityQuiz.app */;
			productType = "com.apple.product-type.application";
		};
/* End PBXNativeTarget section */

/* Begin PBXProject section */
		FF29A45A23E3CFD100DE96C3 /* Project object */ = {
			isa = PBXProject;
			attributes = {
				LastSwiftUpdateCheck = 1130;
				LastUpgradeCheck = 1130;
				ORGANIZATIONNAME = Sola;
				TargetAttributes = {
					FF29A46123E3CFD100DE96C3 = {
						CreatedOnToolsVersion = 11.3.1;
					};
				};
			};
			buildConfigurationList = FF29A45D23E3CFD100DE96C3 /* Build configuration list for PBXProject "PersonalityQuiz" */;
			compatibilityVersion = "Xcode 9.3";
			developmentRegion = en;
			hasScannedForEncodings = 0;
			knownRegions = (
				en,
				Base,
			);
			mainGroup = FF29A45923E3CFD100DE96C3;
			productRefGroup = FF29A46323E3CFD100DE96C3 /* Products */;
			projectDirPath = "";
			projectRoot = "";
			targets = (
				FF29A46123E3CFD100DE96C3 /* PersonalityQuiz */,
			);
		};
/* End PBXProject section */

/* Begin PBXResourcesBuildPhase section */
		FF29A46023E3CFD100DE96C3 /* Resources */ = {
			isa = PBXResourcesBuildPhase;
			buildActionMask = 2147483647;
			files = (
				FF29A47223E3CFD200DE96C3 /* LaunchScreen.storyboard in Resources */,
				FF29A46F23E3CFD200DE96C3 /* Assets.xcassets in Resources */,
				FF29A46D23E3CFD100DE96C3 /* Main.storyboard in Resources */,
			);
			runOnlyForDeploymentPostprocessing = 0;
		};
/* End PBXResourcesBuildPhase section */

/* Begin PBXSourcesBuildPhase section */
		FF29A45E23E3CFD100DE96C3 /* Sources */ = {
			isa = PBXSourcesBuildPhase;
			buildActionMask = 2147483647;
			files = (
				FF29A46A23E3CFD100DE96C3 /* IntroductionController.swift in Sources */,
				FF29A46623E3CFD100DE96C3 /* AppDelegate.swift in Sources */,
				FFD57C6423E3D8F900E1D2D8 /* QuestionViewController.swift in Sources */,
				FFD57C6A23E3E35500E1D2D8 /* Answer.swift in Sources */,
				FFD57C6823E3DEC700E1D2D8 /* QuestionData.swift in Sources */,
				FFD57C6623E3D91000E1D2D8 /* ResultsViewController.swift in Sources */,
				FF29A46823E3CFD100DE96C3 /* SceneDelegate.swift in Sources */,
				FFADC93323E409A100A2B69B /* AnimalType.swift in Sources */,
			);
			runOnlyForDeploymentPostprocessing = 0;
		};
/* End PBXSourcesBuildPhase section */

/* Begin PBXVariantGroup section */
		FF29A46B23E3CFD100DE96C3 /* Main.storyboard */ = {
			isa = PBXVariantGroup;
			children = (
				FF29A46C23E3CFD100DE96C3 /* Base */,
			);
			name = Main.storyboard;
			sourceTree = "<group>";
		};
		FF29A47023E3CFD200DE96C3 /* LaunchScreen.storyboard */ = {
			isa = PBXVariantGroup;
			children = (
				FF29A47123E3CFD200DE96C3 /* Base */,
			);
			name = LaunchScreen.storyboard;
			sourceTree = "<group>";
		};
/* End PBXVariantGroup section */

/* Begin XCBuildConfiguration section */
		FF29A47423E3CFD200DE96C3 /* Debug */ = {
			isa = XCBuildConfiguration;
			buildSettings = {
				ALWAYS_SEARCH_USER_PATHS = NO;
				CLANG_ANALYZER_NONNULL = YES;
				CLANG_ANALYZER_NUMBER_OBJECT_CONVERSION = YES_AGGRESSIVE;
				CLANG_CXX_LANGUAGE_STANDARD = "gnu++14";
				CLANG_CXX_LIBRARY = "libc++";
				CLANG_ENABLE_MODULES = YES;
				CLANG_ENABLE_OBJC_ARC = YES;
				CLANG_ENABLE_OBJC_WEAK = YES;
				CLANG_WARN_BLOCK_CAPTURE_AUTORELEASING = YES;
				CLANG_WARN_BOOL_CONVERSION = YES;
				CLANG_WARN_COMMA = YES;
				CLANG_WARN_CONSTANT_CONVERSION = YES;
				CLANG_WARN_DEPRECATED_OBJC_IMPLEMENTATIONS = YES;
				CLANG_WARN_DIRECT_OBJC_ISA_USAGE = YES_ERROR;
				CLANG_WARN_DOCUMENTATION_COMMENTS = YES;
				CLANG_WARN_EMPTY_BODY = YES;
				CLANG_WARN_ENUM_CONVERSION = YES;
				CLANG_WARN_INFINITE_RECURSION = YES;
				CLANG_WARN_INT_CONVERSION = YES;
				CLANG_WARN_NON_LITERAL_NULL_CONVERSION = YES;
				CLANG_WARN_OBJC_IMPLICIT_RETAIN_SELF = YES;
				CLANG_WARN_OBJC_LITERAL_CONVERSION = YES;
				CLANG_WARN_OBJC_ROOT_CLASS = YES_ERROR;
				CLANG_WARN_RANGE_LOOP_ANALYSIS = YES;
				CLANG_WARN_STRICT_PROTOTYPES = YES;
				CLANG_WARN_SUSPICIOUS_MOVE = YES;
				CLANG_WARN_UNGUARDED_AVAILABILITY = YES_AGGRESSIVE;
				CLANG_WARN_UNREACHABLE_CODE = YES;
				CLANG_WARN__DUPLICATE_METHOD_MATCH = YES;
				COPY_PHASE_STRIP = NO;
				DEBUG_INFORMATION_FORMAT = dwarf;
				ENABLE_STRICT_OBJC_MSGSEND = YES;
				ENABLE_TESTABILITY = YES;
				GCC_C_LANGUAGE_STANDARD = gnu11;
				GCC_DYNAMIC_NO_PIC = NO;
				GCC_NO_COMMON_BLOCKS = YES;
				GCC_OPTIMIZATION_LEVEL = 0;
				GCC_PREPROCESSOR_DEFINITIONS = (
					"DEBUG=1",
					"$(inherited)",
				);
				GCC_WARN_64_TO_32_BIT_CONVERSION = YES;
				GCC_WARN_ABOUT_RETURN_TYPE = YES_ERROR;
				GCC_WARN_UNDECLARED_SELECTOR = YES;
				GCC_WARN_UNINITIALIZED_AUTOS = YES_AGGRESSIVE;
				GCC_WARN_UNUSED_FUNCTION = YES;
				GCC_WARN_UNUSED_VARIABLE = YES;
				IPHONEOS_DEPLOYMENT_TARGET = 13.2;
				MTL_ENABLE_DEBUG_INFO = INCLUDE_SOURCE;
				MTL_FAST_MATH = YES;
				ONLY_ACTIVE_ARCH = YES;
				SDKROOT = iphoneos;
				SWIFT_ACTIVE_COMPILATION_CONDITIONS = DEBUG;
				SWIFT_OPTIMIZATION_LEVEL = "-Onone";
			};
			name = Debug;
		};
		FF29A47523E3CFD200DE96C3 /* Release */ = {
			isa = XCBuildConfiguration;
			buildSettings = {
				ALWAYS_SEARCH_USER_PATHS = NO;
				CLANG_ANALYZER_NONNULL = YES;
				CLANG_ANALYZER_NUMBER_OBJECT_CONVERSION = YES_AGGRESSIVE;
				CLANG_CXX_LANGUAGE_STANDARD = "gnu++14";
				CLANG_CXX_LIBRARY = "libc++";
				CLANG_ENABLE_MODULES = YES;
				CLANG_ENABLE_OBJC_ARC = YES;
				CLANG_ENABLE_OBJC_WEAK = YES;
				CLANG_WARN_BLOCK_CAPTURE_AUTORELEASING = YES;
				CLANG_WARN_BOOL_CONVERSION = YES;
				CLANG_WARN_COMMA = YES;
				CLANG_WARN_CONSTANT_CONVERSION = YES;
				CLANG_WARN_DEPRECATED_OBJC_IMPLEMENTATIONS = YES;
				CLANG_WARN_DIRECT_OBJC_ISA_USAGE = YES_ERROR;
				CLANG_WARN_DOCUMENTATION_COMMENTS = YES;
				CLANG_WARN_EMPTY_BODY = YES;
				CLANG_WARN_ENUM_CONVERSION = YES;
				CLANG_WARN_INFINITE_RECURSION = YES;
				CLANG_WARN_INT_CONVERSION = YES;
				CLANG_WARN_NON_LITERAL_NULL_CONVERSION = YES;
				CLANG_WARN_OBJC_IMPLICIT_RETAIN_SELF = YES;
				CLANG_WARN_OBJC_LITERAL_CONVERSION = YES;
				CLANG_WARN_OBJC_ROOT_CLASS = YES_ERROR;
				CLANG_WARN_RANGE_LOOP_ANALYSIS = YES;
				CLANG_WARN_STRICT_PROTOTYPES = YES;
				CLANG_WARN_SUSPICIOUS_MOVE = YES;
				CLANG_WARN_UNGUARDED_AVAILABILITY = YES_AGGRESSIVE;
				CLANG_WARN_UNREACHABLE_CODE = YES;
				CLANG_WARN__DUPLICATE_METHOD_MATCH = YES;
				COPY_PHASE_STRIP = NO;
				DEBUG_INFORMATION_FORMAT = "dwarf-with-dsym";
				ENABLE_NS_ASSERTIONS = NO;
				ENABLE_STRICT_OBJC_MSGSEND = YES;
				GCC_C_LANGUAGE_STANDARD = gnu11;
				GCC_NO_COMMON_BLOCKS = YES;
				GCC_WARN_64_TO_32_BIT_CONVERSION = YES;
				GCC_WARN_ABOUT_RETURN_TYPE = YES_ERROR;
				GCC_WARN_UNDECLARED_SELECTOR = YES;
				GCC_WARN_UNINITIALIZED_AUTOS = YES_AGGRESSIVE;
				GCC_WARN_UNUSED_FUNCTION = YES;
				GCC_WARN_UNUSED_VARIABLE = YES;
				IPHONEOS_DEPLOYMENT_TARGET = 13.2;
				MTL_ENABLE_DEBUG_INFO = NO;
				MTL_FAST_MATH = YES;
				SDKROOT = iphoneos;
				SWIFT_COMPILATION_MODE = wholemodule;
				SWIFT_OPTIMIZATION_LEVEL = "-O";
				VALIDATE_PRODUCT = YES;
			};
			name = Release;
		};
		FF29A47723E3CFD200DE96C3 /* Debug */ = {
			isa = XCBuildConfiguration;
			buildSettings = {
				ASSETCATALOG_COMPILER_APPICON_NAME = AppIcon;
				CODE_SIGN_STYLE = Automatic;
				INFOPLIST_FILE = PersonalityQuiz/Info.plist;
				LD_RUNPATH_SEARCH_PATHS = (
					"$(inherited)",
					"@executable_path/Frameworks",
				);
				PRODUCT_BUNDLE_IDENTIFIER = com.example.PersonalityQuiz;
				PRODUCT_NAME = "$(TARGET_NAME)";
				SWIFT_VERSION = 5.0;
				TARGETED_DEVICE_FAMILY = "1,2";
			};
			name = Debug;
		};
		FF29A47823E3CFD200DE96C3 /* Release */ = {
			isa = XCBuildConfiguration;
			buildSettings = {
				ASSETCATALOG_COMPILER_APPICON_NAME = AppIcon;
				CODE_SIGN_STYLE = Automatic;
				INFOPLIST_FILE = PersonalityQuiz/Info.plist;
				LD_RUNPATH_SEARCH_PATHS = (
					"$(inherited)",
					"@executable_path/Frameworks",
				);
				PRODUCT_BUNDLE_IDENTIFIER = com.example.PersonalityQuiz;
				PRODUCT_NAME = "$(TARGET_NAME)";
				SWIFT_VERSION = 5.0;
				TARGETED_DEVICE_FAMILY = "1,2";
			};
			name = Release;
		};
/* End XCBuildConfiguration section */

/* Begin XCConfigurationList section */
		FF29A45D23E3CFD100DE96C3 /* Build configuration list for PBXProject "PersonalityQuiz" */ = {
			isa = XCConfigurationList;
			buildConfigurations = (
				FF29A47423E3CFD200DE96C3 /* Debug */,
				FF29A47523E3CFD200DE96C3 /* Release */,
			);
			defaultConfigurationIsVisible = 0;
			defaultConfigurationName = Release;
		};
		FF29A47623E3CFD200DE96C3 /* Build configuration list for PBXNativeTarget "PersonalityQuiz" */ = {
			isa = XCConfigurationList;
			buildConfigurations = (
				FF29A47723E3CFD200DE96C3 /* Debug */,
				FF29A47823E3CFD200DE96C3 /* Release */,
			);
			defaultConfigurationIsVisible = 0;
			defaultConfigurationName = Release;
		};
/* End XCConfigurationList section */
	};
	rootObject = FF29A45A23E3CFD100DE96C3 /* Project object */;
}
